
Microsoft Visual Studio Solution File, Format Version 12.00
# Visual Studio Version 17
VisualStudioVersion = 17.4.33122.133
MinimumVisualStudioVersion = 10.0.40219.1
Project("{FAE04EC0-301F-11D3-BF4B-00C04F79EFBC}") = "RBACWebAPI", "RBACWebAPI\RBACWebAPI.csproj", "{C8269FCC-1ACB-4125-9A05-25C5AC8C977C}"
EndProject
Global
	GlobalSection(SolutionConfigurationPlatforms) = preSolution
		Debug|Any CPU = Debug|Any CPU
		Release|Any CPU = Release|Any CPU
	EndGlobalSection
	GlobalSection(ProjectConfigurationPlatforms) = postSolution
		{C8269FCC-1ACB-4125-9A05-25C5AC8C977C}.Debug|Any CPU.ActiveCfg = Debug|Any CPU
		{C8269FCC-1ACB-4125-9A05-25C5AC8C977C}.Debug|Any CPU.Build.0 = Debug|Any CPU
		{C8269FCC-1ACB-4125-9A05-25C5AC8C977C}.Release|Any CPU.ActiveCfg = Release|Any CPU
		{C8269FCC-1ACB-4125-9A05-25C5AC8C977C}.Release|Any CPU.Build.0 = Release|Any CPU
	EndGlobalSection
	GlobalSection(SolutionProperties) = preSolution
		HideSolutionNode = FALSE
	EndGlobalSection
	GlobalSection(ExtensibilityGlobals) = postSolution
		SolutionGuid = {EC64F48B-57A7-4BA5-80FF-6A717094FA91}
	EndGlobalSection
EndGlobal
